
Microsoft Visual Studio Solution File, Format Version 12.00
# Visual Studio Version 16
VisualStudioVersion = 16.0.29613.14
MinimumVisualStudioVersion = 10.0.40219.1
Project("{FAE04EC0-301F-11D3-BF4B-00C04F79EFBC}") = "VocabularyTemplate", "VocabularyTemplate\VocabularyTemplate.csproj", "{558553C6-5FCF-4197-854C-5D5944DE3B1B}"
EndProject
Global
	GlobalSection(SolutionConfigurationPlatforms) = preSolution
		Debug|Any CPU = Debug|Any CPU
		Release|Any CPU = Release|Any CPU
	EndGlobalSection
	GlobalSection(ProjectConfigurationPlatforms) = postSolution
		{558553C6-5FCF-4197-854C-5D5944DE3B1B}.Debug|Any CPU.ActiveCfg = Debug|Any CPU
		{558553C6-5FCF-4197-854C-5D5944DE3B1B}.Debug|Any CPU.Build.0 = Debug|Any CPU
		{558553C6-5FCF-4197-854C-5D5944DE3B1B}.Release|Any CPU.ActiveCfg = Release|Any CPU
		{558553C6-5FCF-4197-854C-5D5944DE3B1B}.Release|Any CPU.Build.0 = Release|Any CPU
	EndGlobalSection
	GlobalSection(SolutionProperties) = preSolution
		HideSolutionNode = FALSE
	EndGlobalSection
	GlobalSection(ExtensibilityGlobals) = postSolution
		SolutionGuid = {9816B660-F7FE-4934-B042-95BFEF8CCF4A}
	EndGlobalSection
EndGlobal
