
Microsoft Visual Studio Solution File, Format Version 12.00
# Visual Studio Version 16
VisualStudioVersion = 16.0.28922.388
MinimumVisualStudioVersion = 10.0.40219.1
Project("{FAE04EC0-301F-11D3-BF4B-00C04F79EFBC}") = "AnnotationGenerator", "AnnotationGenerator\AnnotationGenerator.csproj", "{AEAA3CBD-DE5F-4218-AA23-0B1C9869787B}"
EndProject
Global
	GlobalSection(SolutionConfigurationPlatforms) = preSolution
		Debug|Any CPU = Debug|Any CPU
		Release|Any CPU = Release|Any CPU
	EndGlobalSection
	GlobalSection(ProjectConfigurationPlatforms) = postSolution
		{AEAA3CBD-DE5F-4218-AA23-0B1C9869787B}.Debug|Any CPU.ActiveCfg = Debug|Any CPU
		{AEAA3CBD-DE5F-4218-AA23-0B1C9869787B}.Debug|Any CPU.Build.0 = Debug|Any CPU
		{AEAA3CBD-DE5F-4218-AA23-0B1C9869787B}.Release|Any CPU.ActiveCfg = Release|Any CPU
		{AEAA3CBD-DE5F-4218-AA23-0B1C9869787B}.Release|Any CPU.Build.0 = Release|Any CPU
	EndGlobalSection
	GlobalSection(SolutionProperties) = preSolution
		HideSolutionNode = FALSE
	EndGlobalSection
	GlobalSection(ExtensibilityGlobals) = postSolution
		SolutionGuid = {41B48C59-805E-4566-A3CC-A457BE343F99}
	EndGlobalSection
EndGlobal
