
Microsoft Visual Studio Solution File, Format Version 12.00
# Visual Studio Version 16
VisualStudioVersion = 16.0.29306.81
MinimumVisualStudioVersion = 10.0.40219.1
Project("{FAE04EC0-301F-11D3-BF4B-00C04F79EFBC}") = "EdmGui", "..\src\EdmGui\EdmGui.csproj", "{5AE04796-4DD3-462B-8636-FBCB58F4044D}"
EndProject
Project("{FAE04EC0-301F-11D3-BF4B-00C04F79EFBC}") = "EdmLib", "..\src\EdmLib\EdmLib.csproj", "{EDC97A95-682B-49D8-90BE-8E9D42923481}"
EndProject
Global
	GlobalSection(SolutionConfigurationPlatforms) = preSolution
		Debug|Any CPU = Debug|Any CPU
		Release|Any CPU = Release|Any CPU
	EndGlobalSection
	GlobalSection(ProjectConfigurationPlatforms) = postSolution
		{5AE04796-4DD3-462B-8636-FBCB58F4044D}.Debug|Any CPU.ActiveCfg = Debug|Any CPU
		{5AE04796-4DD3-462B-8636-FBCB58F4044D}.Debug|Any CPU.Build.0 = Debug|Any CPU
		{5AE04796-4DD3-462B-8636-FBCB58F4044D}.Release|Any CPU.ActiveCfg = Release|Any CPU
		{5AE04796-4DD3-462B-8636-FBCB58F4044D}.Release|Any CPU.Build.0 = Release|Any CPU
		{EDC97A95-682B-49D8-90BE-8E9D42923481}.Debug|Any CPU.ActiveCfg = Debug|Any CPU
		{EDC97A95-682B-49D8-90BE-8E9D42923481}.Debug|Any CPU.Build.0 = Debug|Any CPU
		{EDC97A95-682B-49D8-90BE-8E9D42923481}.Release|Any CPU.ActiveCfg = Release|Any CPU
		{EDC97A95-682B-49D8-90BE-8E9D42923481}.Release|Any CPU.Build.0 = Release|Any CPU		
	EndGlobalSection
	GlobalSection(SolutionProperties) = preSolution
		HideSolutionNode = FALSE
	EndGlobalSection
	GlobalSection(ExtensibilityGlobals) = postSolution
		SolutionGuid = {41B48C59-805E-4566-A3CC-A457BE343F99}
	EndGlobalSection
EndGlobal
